
Microsoft Visual Studio Solution File, Format Version 12.00
# Visual Studio 15
Project("{FAE04EC0-301F-11D3-BF4B-00C04F79EFBC}") = "May142", "May142\May142.csproj", "{237A0126-9844-4BBE-8D47-D63AA41E4455}"
EndProject
Global
	GlobalSection(SolutionConfigurationPlatforms) = preSolution
		Debug|anycpu = Debug|anycpu
		Release|anycpu = Release|anycpu
	EndGlobalSection
	GlobalSection(ProjectConfigurationPlatforms) = postSolution
		{237A0126-9844-4BBE-8D47-D63AA41E4455}.Debug|anycpu.ActiveCfg = Debug|anycpu
		{237A0126-9844-4BBE-8D47-D63AA41E4455}.Debug|anycpu.Build.0 = Debug|anycpu
		{237A0126-9844-4BBE-8D47-D63AA41E4455}.Release|anycpu.ActiveCfg = Release|anycpu
		{237A0126-9844-4BBE-8D47-D63AA41E4455}.Release|anycpu.Build.0 = Release|anycpu
	EndGlobalSection
EndGlobal
